
Microsoft Visual Studio Solution File, Format Version 11.00
# Visual Studio 2010
Project("{FAE04EC0-301F-11D3-BF4B-00C04F79EFBC}") = "Assembly-CSharp-firstpass", "Assembly-CSharp-firstpass.csproj", "{79391AC5-8752-B4CC-F33F-BB9EB1094377}"
EndProject
Project("{FAE04EC0-301F-11D3-BF4B-00C04F79EFBC}") = "Assembly-CSharp", "Assembly-CSharp.csproj", "{B2B58FB2-4462-6B0C-A872-40DD957E5FE0}"
EndProject
Project("{FAE04EC0-301F-11D3-BF4B-00C04F79EFBC}") = "Unity.UI.Runtime", "Unity.UI.Runtime.csproj", "{A0B74544-1CF8-79D3-1987-B69A14DFA110}"
EndProject
Project("{FAE04EC0-301F-11D3-BF4B-00C04F79EFBC}") = "Unity.UI.Runtime.Tests", "Unity.UI.Runtime.Tests.csproj", "{E6A7AEB0-A9A9-817E-F16D-8BDB57561761}"
EndProject
Project("{FAE04EC0-301F-11D3-BF4B-00C04F79EFBC}") = "Unity.InternalAPIEngineBridge.006", "Unity.InternalAPIEngineBridge.006.csproj", "{65E538E0-E5EC-D409-9491-E9888E5F2F90}"
EndProject
Project("{FAE04EC0-301F-11D3-BF4B-00C04F79EFBC}") = "Assembly-CSharp-Editor", "Assembly-CSharp-Editor.csproj", "{5A0769DA-25DA-A68D-BA58-6ED404CB536B}"
EndProject
Project("{FAE04EC0-301F-11D3-BF4B-00C04F79EFBC}") = "Assembly-CSharp-Editor-firstpass", "Assembly-CSharp-Editor-firstpass.csproj", "{A0590241-EC89-9436-F11D-51760213F2B6}"
EndProject
Project("{FAE04EC0-301F-11D3-BF4B-00C04F79EFBC}") = "Unity.InternalAPIEditorBridge.006", "Unity.InternalAPIEditorBridge.006.csproj", "{F422DA6A-BF98-E2DA-9498-A19A54C1253C}"
EndProject
Project("{FAE04EC0-301F-11D3-BF4B-00C04F79EFBC}") = "Unity.UI.Runtime.Editor", "Unity.UI.Runtime.Editor.csproj", "{5429CE19-F0AF-7389-5790-C0F7E4643954}"
EndProject
Project("{FAE04EC0-301F-11D3-BF4B-00C04F79EFBC}") = "Unity.UI.Runtime.Editor.Tests", "Unity.UI.Runtime.Editor.Tests.csproj", "{551886E6-C830-E5B9-487D-45E64FF0AB6D}"
EndProject
Global
	GlobalSection(SolutionConfigurationPlatforms) = preSolution
		Debug|Any CPU = Debug|Any CPU
		Release|Any CPU = Release|Any CPU
	EndGlobalSection
	GlobalSection(ProjectConfigurationPlatforms) = postSolution
		{79391AC5-8752-B4CC-F33F-BB9EB1094377}.Debug|Any CPU.ActiveCfg = Debug|Any CPU
		{79391AC5-8752-B4CC-F33F-BB9EB1094377}.Debug|Any CPU.Build.0 = Debug|Any CPU
		{79391AC5-8752-B4CC-F33F-BB9EB1094377}.Release|Any CPU.ActiveCfg = Release|Any CPU
		{79391AC5-8752-B4CC-F33F-BB9EB1094377}.Release|Any CPU.Build.0 = Release|Any CPU
		{B2B58FB2-4462-6B0C-A872-40DD957E5FE0}.Debug|Any CPU.ActiveCfg = Debug|Any CPU
		{B2B58FB2-4462-6B0C-A872-40DD957E5FE0}.Debug|Any CPU.Build.0 = Debug|Any CPU
		{B2B58FB2-4462-6B0C-A872-40DD957E5FE0}.Release|Any CPU.ActiveCfg = Release|Any CPU
		{B2B58FB2-4462-6B0C-A872-40DD957E5FE0}.Release|Any CPU.Build.0 = Release|Any CPU
		{A0B74544-1CF8-79D3-1987-B69A14DFA110}.Debug|Any CPU.ActiveCfg = Debug|Any CPU
		{A0B74544-1CF8-79D3-1987-B69A14DFA110}.Debug|Any CPU.Build.0 = Debug|Any CPU
		{A0B74544-1CF8-79D3-1987-B69A14DFA110}.Release|Any CPU.ActiveCfg = Release|Any CPU
		{A0B74544-1CF8-79D3-1987-B69A14DFA110}.Release|Any CPU.Build.0 = Release|Any CPU
		{E6A7AEB0-A9A9-817E-F16D-8BDB57561761}.Debug|Any CPU.ActiveCfg = Debug|Any CPU
		{E6A7AEB0-A9A9-817E-F16D-8BDB57561761}.Debug|Any CPU.Build.0 = Debug|Any CPU
		{E6A7AEB0-A9A9-817E-F16D-8BDB57561761}.Release|Any CPU.ActiveCfg = Release|Any CPU
		{E6A7AEB0-A9A9-817E-F16D-8BDB57561761}.Release|Any CPU.Build.0 = Release|Any CPU
		{65E538E0-E5EC-D409-9491-E9888E5F2F90}.Debug|Any CPU.ActiveCfg = Debug|Any CPU
		{65E538E0-E5EC-D409-9491-E9888E5F2F90}.Debug|Any CPU.Build.0 = Debug|Any CPU
		{65E538E0-E5EC-D409-9491-E9888E5F2F90}.Release|Any CPU.ActiveCfg = Release|Any CPU
		{65E538E0-E5EC-D409-9491-E9888E5F2F90}.Release|Any CPU.Build.0 = Release|Any CPU
		{5A0769DA-25DA-A68D-BA58-6ED404CB536B}.Debug|Any CPU.ActiveCfg = Debug|Any CPU
		{5A0769DA-25DA-A68D-BA58-6ED404CB536B}.Debug|Any CPU.Build.0 = Debug|Any CPU
		{5A0769DA-25DA-A68D-BA58-6ED404CB536B}.Release|Any CPU.ActiveCfg = Release|Any CPU
		{5A0769DA-25DA-A68D-BA58-6ED404CB536B}.Release|Any CPU.Build.0 = Release|Any CPU
		{A0590241-EC89-9436-F11D-51760213F2B6}.Debug|Any CPU.ActiveCfg = Debug|Any CPU
		{A0590241-EC89-9436-F11D-51760213F2B6}.Debug|Any CPU.Build.0 = Debug|Any CPU
		{A0590241-EC89-9436-F11D-51760213F2B6}.Release|Any CPU.ActiveCfg = Release|Any CPU
		{A0590241-EC89-9436-F11D-51760213F2B6}.Release|Any CPU.Build.0 = Release|Any CPU
		{F422DA6A-BF98-E2DA-9498-A19A54C1253C}.Debug|Any CPU.ActiveCfg = Debug|Any CPU
		{F422DA6A-BF98-E2DA-9498-A19A54C1253C}.Debug|Any CPU.Build.0 = Debug|Any CPU
		{F422DA6A-BF98-E2DA-9498-A19A54C1253C}.Release|Any CPU.ActiveCfg = Release|Any CPU
		{F422DA6A-BF98-E2DA-9498-A19A54C1253C}.Release|Any CPU.Build.0 = Release|Any CPU
		{5429CE19-F0AF-7389-5790-C0F7E4643954}.Debug|Any CPU.ActiveCfg = Debug|Any CPU
		{5429CE19-F0AF-7389-5790-C0F7E4643954}.Debug|Any CPU.Build.0 = Debug|Any CPU
		{5429CE19-F0AF-7389-5790-C0F7E4643954}.Release|Any CPU.ActiveCfg = Release|Any CPU
		{5429CE19-F0AF-7389-5790-C0F7E4643954}.Release|Any CPU.Build.0 = Release|Any CPU
		{551886E6-C830-E5B9-487D-45E64FF0AB6D}.Debug|Any CPU.ActiveCfg = Debug|Any CPU
		{551886E6-C830-E5B9-487D-45E64FF0AB6D}.Debug|Any CPU.Build.0 = Debug|Any CPU
		{551886E6-C830-E5B9-487D-45E64FF0AB6D}.Release|Any CPU.ActiveCfg = Release|Any CPU
		{551886E6-C830-E5B9-487D-45E64FF0AB6D}.Release|Any CPU.Build.0 = Release|Any CPU
	EndGlobalSection
	GlobalSection(SolutionProperties) = preSolution
		HideSolutionNode = FALSE
	EndGlobalSection
EndGlobal
